
Microsoft Visual Studio Solution File, Format Version 12.00
# Visual Studio Version 17
VisualStudioVersion = 17.14.36623.8 d17.14
MinimumVisualStudioVersion = 10.0.40219.1
Project("{FAE04EC0-301F-11D3-BF4B-00C04F79EFBC}") = "ForEachLoops", "ForEachLoops\ForEachLoops.csproj", "{681EC696-2575-4A15-A65F-F8C7308BD5BC}"
EndProject
Global
	GlobalSection(SolutionConfigurationPlatforms) = preSolution
		Debug|Any CPU = Debug|Any CPU
		Release|Any CPU = Release|Any CPU
	EndGlobalSection
	GlobalSection(ProjectConfigurationPlatforms) = postSolution
		{681EC696-2575-4A15-A65F-F8C7308BD5BC}.Debug|Any CPU.ActiveCfg = Debug|Any CPU
		{681EC696-2575-4A15-A65F-F8C7308BD5BC}.Debug|Any CPU.Build.0 = Debug|Any CPU
		{681EC696-2575-4A15-A65F-F8C7308BD5BC}.Release|Any CPU.ActiveCfg = Release|Any CPU
		{681EC696-2575-4A15-A65F-F8C7308BD5BC}.Release|Any CPU.Build.0 = Release|Any CPU
	EndGlobalSection
	GlobalSection(SolutionProperties) = preSolution
		HideSolutionNode = FALSE
	EndGlobalSection
	GlobalSection(ExtensibilityGlobals) = postSolution
		SolutionGuid = {4067DE07-9140-4EEC-A577-689A29163FB4}
	EndGlobalSection
EndGlobal
